// !$*UTF8*$!
{
	archiveVersion = 1;
	classes = {
	};
	objectVersion = 50;
	objects = {

/* Begin PBXBuildFile section */
		794C5EC7233BF2DE004ED0F7 /* AppDelegate.swift in Sources */ = {isa = PBXBuildFile; fileRef = 794C5EC6233BF2DE004ED0F7 /* AppDelegate.swift */; };
		794C5EC9233BF2DE004ED0F7 /* SceneDelegate.swift in Sources */ = {isa = PBXBuildFile; fileRef = 794C5EC8233BF2DE004ED0F7 /* SceneDelegate.swift */; };
		794C5ECB233BF2DE004ED0F7 /* ViewController.swift in Sources */ = {isa = PBXBuildFile; fileRef = 794C5ECA233BF2DE004ED0F7 /* ViewController.swift */; };
		794C5ECE233BF2DE004ED0F7 /* Main.storyboard in Resources */ = {isa = PBXBuildFile; fileRef = 794C5ECC233BF2DE004ED0F7 /* Main.storyboard */; };
		794C5ED0233BF2E1004ED0F7 /* Assets.xcassets in Resources */ = {isa = PBXBuildFile; fileRef = 794C5ECF233BF2E1004ED0F7 /* Assets.xcassets */; };
		794C5ED3233BF2E1004ED0F7 /* LaunchScreen.storyboard in Resources */ = {isa = PBXBuildFile; fileRef = 794C5ED1233BF2E1004ED0F7 /* LaunchScreen.storyboard */; };
		794C5EDE233BF2E1004ED0F7 /* Herr_HelloWorldTests.swift in Sources */ = {isa = PBXBuildFile; fileRef = 794C5EDD233BF2E1004ED0F7 /* Herr_HelloWorldTests.swift */; };
		794C5EE9233BF2E1004ED0F7 /* Herr_HelloWorldUITests.swift in Sources */ = {isa = PBXBuildFile; fileRef = 794C5EE8233BF2E1004ED0F7 /* Herr_HelloWorldUITests.swift */; };
/* End PBXBuildFile section */

/* Begin PBXContainerItemProxy section */
		794C5EDA233BF2E1004ED0F7 /* PBXContainerItemProxy */ = {
			isa = PBXContainerItemProxy;
			containerPortal = 794C5EBB233BF2DE004ED0F7 /* Project object */;
			proxyType = 1;
			remoteGlobalIDString = 794C5EC2233BF2DE004ED0F7;
			remoteInfo = Herr_HelloWorld;
		};
		794C5EE5233BF2E1004ED0F7 /* PBXContainerItemProxy */ = {
			isa = PBXContainerItemProxy;
			containerPortal = 794C5EBB233BF2DE004ED0F7 /* Project object */;
			proxyType = 1;
			remoteGlobalIDString = 794C5EC2233BF2DE004ED0F7;
			remoteInfo = Herr_HelloWorld;
		};
/* End PBXContainerItemProxy section */

/* Begin PBXFileReference section */
		794C5EC3233BF2DE004ED0F7 /* Herr_HelloWorld.app */ = {isa = PBXFileReference; explicitFileType = wrapper.application; includeInIndex = 0; path = Herr_HelloWorld.app; sourceTree = BUILT_PRODUCTS_DIR; };
		794C5EC6233BF2DE004ED0F7 /* AppDelegate.swift */ = {isa = PBXFileReference; lastKnownFileType = sourcecode.swift; path = AppDelegate.swift; sourceTree = "<group>"; };
		794C5EC8233BF2DE004ED0F7 /* SceneDelegate.swift */ = {isa = PBXFileReference; lastKnownFileType = sourcecode.swift; path = SceneDelegate.swift; sourceTree = "<group>"; };
		794C5ECA233BF2DE004ED0F7 /* ViewController.swift */ = {isa = PBXFileReference; lastKnownFileType = sourcecode.swift; path = ViewController.swift; sourceTree = "<group>"; };
		794C5ECD233BF2DE004ED0F7 /* Base */ = {isa = PBXFileReference; lastKnownFileType = file.storyboard; name = Base; path = Base.lproj/Main.storyboard; sourceTree = "<group>"; };
		794C5ECF233BF2E1004ED0F7 /* Assets.xcassets */ = {isa = PBXFileReference; lastKnownFileType = folder.assetcatalog; path = Assets.xcassets; sourceTree = "<group>"; };
		794C5ED2233BF2E1004ED0F7 /* Base */ = {isa = PBXFileReference; lastKnownFileType = file.storyboard; name = Base; path = Base.lproj/LaunchScreen.storyboard; sourceTree = "<group>"; };
		794C5ED4233BF2E1004ED0F7 /* Info.plist */ = {isa = PBXFileReference; lastKnownFileType = text.plist.xml; path = Info.plist; sourceTree = "<group>"; };
		794C5ED9233BF2E1004ED0F7 /* Herr_HelloWorldTests.xctest */ = {isa = PBXFileReference; explicitFileType = wrapper.cfbundle; includeInIndex = 0; path = Herr_HelloWorldTests.xctest; sourceTree = BUILT_PRODUCTS_DIR; };
		794C5EDD233BF2E1004ED0F7 /* Herr_HelloWorldTests.swift */ = {isa = PBXFileReference; lastKnownFileType = sourcecode.swift; path = Herr_HelloWorldTests.swift; sourceTree = "<group>"; };
		794C5EDF233BF2E1004ED0F7 /* Info.plist */ = {isa = PBXFileReference; lastKnownFileType = text.plist.xml; path = Info.plist; sourceTree = "<group>"; };
		794C5EE4233BF2E1004ED0F7 /* Herr_HelloWorldUITests.xctest */ = {isa = PBXFileReference; explicitFileType = wrapper.cfbundle; includeInIndex = 0; path = Herr_HelloWorldUITests.xctest; sourceTree = BUILT_PRODUCTS_DIR; };
		794C5EE8233BF2E1004ED0F7 /* Herr_HelloWorldUITests.swift */ = {isa = PBXFileReference; lastKnownFileType = sourcecode.swift; path = Herr_HelloWorldUITests.swift; sourceTree = "<group>"; };
		794C5EEA233BF2E1004ED0F7 /* Info.plist */ = {isa = PBXFileReference; lastKnownFileType = text.plist.xml; path = Info.plist; sourceTree = "<group>"; };
/* End PBXFileReference section */

/* Begin PBXFrameworksBuildPhase section */
		794C5EC0233BF2DE004ED0F7 /* Frameworks */ = {
			isa = PBXFrameworksBuildPhase;
			buildActionMask = 2147483647;
			files = (
			);
			runOnlyForDeploymentPostprocessing = 0;
		};
		794C5ED6233BF2E1004ED0F7 /* Frameworks */ = {
			isa = PBXFrameworksBuildPhase;
			buildActionMask = 2147483647;
			files = (
			);
			runOnlyForDeploymentPostprocessing = 0;
		};
		794C5EE1233BF2E1004ED0F7 /* Frameworks */ = {
			isa = PBXFrameworksBuildPhase;
			buildActionMask = 2147483647;
			files = (
			);
			runOnlyForDeploymentPostprocessing = 0;
		};
/* End PBXFrameworksBuildPhase section */

/* Begin PBXGroup section */
		794C5EBA233BF2DE004ED0F7 = {
			isa = PBXGroup;
			children = (
				794C5EC5233BF2DE004ED0F7 /* Herr_HelloWorld */,
				794C5EDC233BF2E1004ED0F7 /* Herr_HelloWorldTests */,
				794C5EE7233BF2E1004ED0F7 /* Herr_HelloWorldUITests */,
				794C5EC4233BF2DE004ED0F7 /* Products */,
			);
			sourceTree = "<group>";
		};
		794C5EC4233BF2DE004ED0F7 /* Products */ = {
			isa = PBXGroup;
			children = (
				794C5EC3233BF2DE004ED0F7 /* Herr_HelloWorld.app */,
				794C5ED9233BF2E1004ED0F7 /* Herr_HelloWorldTests.xctest */,
				794C5EE4233BF2E1004ED0F7 /* Herr_HelloWorldUITests.xctest */,
			);
			name = Products;
			sourceTree = "<group>";
		};
		794C5EC5233BF2DE004ED0F7 /* Herr_HelloWorld */ = {
			isa = PBXGroup;
			children = (
				794C5EC6233BF2DE004ED0F7 /* AppDelegate.swift */,
				794C5EC8233BF2DE004ED0F7 /* SceneDelegate.swift */,
				794C5ECA233BF2DE004ED0F7 /* ViewController.swift */,
				794C5ECC233BF2DE004ED0F7 /* Main.storyboard */,
				794C5ECF233BF2E1004ED0F7 /* Assets.xcassets */,
				794C5ED1233BF2E1004ED0F7 /* LaunchScreen.storyboard */,
				794C5ED4233BF2E1004ED0F7 /* Info.plist */,
			);
			path = Herr_HelloWorld;
			sourceTree = "<group>";
		};
		794C5EDC233BF2E1004ED0F7 /* Herr_HelloWorldTests */ = {
			isa = PBXGroup;
			children = (
				794C5EDD233BF2E1004ED0F7 /* Herr_HelloWorldTests.swift */,
				794C5EDF233BF2E1004ED0F7 /* Info.plist */,
			);
			path = Herr_HelloWorldTests;
			sourceTree = "<group>";
		};
		794C5EE7233BF2E1004ED0F7 /* Herr_HelloWorldUITests */ = {
			isa = PBXGroup;
			children = (
				794C5EE8233BF2E1004ED0F7 /* Herr_HelloWorldUITests.swift */,
				794C5EEA233BF2E1004ED0F7 /* Info.plist */,
			);
			path = Herr_HelloWorldUITests;
			sourceTree = "<group>";
		};
/* End PBXGroup section */

/* Begin PBXNativeTarget section */
		794C5EC2233BF2DE004ED0F7 /* Herr_HelloWorld */ = {
			isa = PBXNativeTarget;
			buildConfigurationList = 794C5EED233BF2E1004ED0F7 /* Build configuration list for PBXNativeTarget "Herr_HelloWorld" */;
			buildPhases = (
				794C5EBF233BF2DE004ED0F7 /* Sources */,
				794C5EC0233BF2DE004ED0F7 /* Frameworks */,
				794C5EC1233BF2DE004ED0F7 /* Resources */,
			);
			buildRules = (
			);
			dependencies = (
			);
			name = Herr_HelloWorld;
			productName = Herr_HelloWorld;
			productReference = 794C5EC3233BF2DE004ED0F7 /* Herr_HelloWorld.app */;
			productType = "com.apple.product-type.application";
		};
		794C5ED8233BF2E1004ED0F7 /* Herr_HelloWorldTests */ = {
			isa = PBXNativeTarget;
			buildConfigurationList = 794C5EF0233BF2E1004ED0F7 /* Build configuration list for PBXNativeTarget "Herr_HelloWorldTests" */;
			buildPhases = (
				794C5ED5233BF2E1004ED0F7 /* Sources */,
				794C5ED6233BF2E1004ED0F7 /* Frameworks */,
				794C5ED7233BF2E1004ED0F7 /* Resources */,
			);
			buildRules = (
			);
			dependencies = (
				794C5EDB233BF2E1004ED0F7 /* PBXTargetDependency */,
			);
			name = Herr_HelloWorldTests;
			productName = Herr_HelloWorldTests;
			productReference = 794C5ED9233BF2E1004ED0F7 /* Herr_HelloWorldTests.xctest */;
			productType = "com.apple.product-type.bundle.unit-test";
		};
		794C5EE3233BF2E1004ED0F7 /* Herr_HelloWorldUITests */ = {
			isa = PBXNativeTarget;
			buildConfigurationList = 794C5EF3233BF2E1004ED0F7 /* Build configuration list for PBXNativeTarget "Herr_HelloWorldUITests" */;
			buildPhases = (
				794C5EE0233BF2E1004ED0F7 /* Sources */,
				794C5EE1233BF2E1004ED0F7 /* Frameworks */,
				794C5EE2233BF2E1004ED0F7 /* Resources */,
			);
			buildRules = (
			);
			dependencies = (
				794C5EE6233BF2E1004ED0F7 /* PBXTargetDependency */,
			);
			name = Herr_HelloWorldUITests;
			productName = Herr_HelloWorldUITests;
			productReference = 794C5EE4233BF2E1004ED0F7 /* Herr_HelloWorldUITests.xctest */;
			productType = "com.apple.product-type.bundle.ui-testing";
		};
/* End PBXNativeTarget section */

/* Begin PBXProject section */
		794C5EBB233BF2DE004ED0F7 /* Project object */ = {
			isa = PBXProject;
			attributes = {
				LastSwiftUpdateCheck = 1100;
				LastUpgradeCheck = 1100;
				ORGANIZATIONNAME = "MacOS Catalina";
				TargetAttributes = {
					794C5EC2233BF2DE004ED0F7 = {
						CreatedOnToolsVersion = 11.0;
					};
					794C5ED8233BF2E1004ED0F7 = {
						CreatedOnToolsVersion = 11.0;
						TestTargetID = 794C5EC2233BF2DE004ED0F7;
					};
					794C5EE3233BF2E1004ED0F7 = {
						CreatedOnToolsVersion = 11.0;
						TestTargetID = 794C5EC2233BF2DE004ED0F7;
					};
				};
			};
			buildConfigurationList = 794C5EBE233BF2DE004ED0F7 /* Build configuration list for PBXProject "Herr_HelloWorld" */;
			compatibilityVersion = "Xcode 9.3";
			developmentRegion = en;
			hasScannedForEncodings = 0;
			knownRegions = (
				en,
				Base,
			);
			mainGroup = 794C5EBA233BF2DE004ED0F7;
			productRefGroup = 794C5EC4233BF2DE004ED0F7 /* Products */;
			projectDirPath = "";
			projectRoot = "";
			targets = (
				794C5EC2233BF2DE004ED0F7 /* Herr_HelloWorld */,
				794C5ED8233BF2E1004ED0F7 /* Herr_HelloWorldTests */,
				794C5EE3233BF2E1004ED0F7 /* Herr_HelloWorldUITests */,
			);
		};
/* End PBXProject section */

/* Begin PBXResourcesBuildPhase section */
		794C5EC1233BF2DE004ED0F7 /* Resources */ = {
			isa = PBXResourcesBuildPhase;
			buildActionMask = 2147483647;
			files = (
				794C5ED3233BF2E1004ED0F7 /* LaunchScreen.storyboard in Resources */,
				794C5ED0233BF2E1004ED0F7 /* Assets.xcassets in Resources */,
				794C5ECE233BF2DE004ED0F7 /* Main.storyboard in Resources */,
			);
			runOnlyForDeploymentPostprocessing = 0;
		};
		794C5ED7233BF2E1004ED0F7 /* Resources */ = {
			isa = PBXResourcesBuildPhase;
			buildActionMask = 2147483647;
			files = (
			);
			runOnlyForDeploymentPostprocessing = 0;
		};
		794C5EE2233BF2E1004ED0F7 /* Resources */ = {
			isa = PBXResourcesBuildPhase;
			buildActionMask = 2147483647;
			files = (
			);
			runOnlyForDeploymentPostprocessing = 0;
		};
/* End PBXResourcesBuildPhase section */

/* Begin PBXSourcesBuildPhase section */
		794C5EBF233BF2DE004ED0F7 /* Sources */ = {
			isa = PBXSourcesBuildPhase;
			buildActionMask = 2147483647;
			files = (
				794C5ECB233BF2DE004ED0F7 /* ViewController.swift in Sources */,
				794C5EC7233BF2DE004ED0F7 /* AppDelegate.swift in Sources */,
				794C5EC9233BF2DE004ED0F7 /* SceneDelegate.swift in Sources */,
			);
			runOnlyForDeploymentPostprocessing = 0;
		};
		794C5ED5233BF2E1004ED0F7 /* Sources */ = {
			isa = PBXSourcesBuildPhase;
			buildActionMask = 2147483647;
			files = (
				794C5EDE233BF2E1004ED0F7 /* Herr_HelloWorldTests.swift in Sources */,
			);
			runOnlyForDeploymentPostprocessing = 0;
		};
		794C5EE0233BF2E1004ED0F7 /* Sources */ = {
			isa = PBXSourcesBuildPhase;
			buildActionMask = 2147483647;
			files = (
				794C5EE9233BF2E1004ED0F7 /* Herr_HelloWorldUITests.swift in Sources */,
			);
			runOnlyForDeploymentPostprocessing = 0;
		};
/* End PBXSourcesBuildPhase section */

/* Begin PBXTargetDependency section */
		794C5EDB233BF2E1004ED0F7 /* PBXTargetDependency */ = {
			isa = PBXTargetDependency;
			target = 794C5EC2233BF2DE004ED0F7 /* Herr_HelloWorld */;
			targetProxy = 794C5EDA233BF2E1004ED0F7 /* PBXContainerItemProxy */;
		};
		794C5EE6233BF2E1004ED0F7 /* PBXTargetDependency */ = {
			isa = PBXTargetDependency;
			target = 794C5EC2233BF2DE004ED0F7 /* Herr_HelloWorld */;
			targetProxy = 794C5EE5233BF2E1004ED0F7 /* PBXContainerItemProxy */;
		};
/* End PBXTargetDependency section */

/* Begin PBXVariantGroup section */
		794C5ECC233BF2DE004ED0F7 /* Main.storyboard */ = {
			isa = PBXVariantGroup;
			children = (
				794C5ECD233BF2DE004ED0F7 /* Base */,
			);
			name = Main.storyboard;
			sourceTree = "<group>";
		};
		794C5ED1233BF2E1004ED0F7 /* LaunchScreen.storyboard */ = {
			isa = PBXVariantGroup;
			children = (
				794C5ED2233BF2E1004ED0F7 /* Base */,
			);
			name = LaunchScreen.storyboard;
			sourceTree = "<group>";
		};
/* End PBXVariantGroup section */

/* Begin XCBuildConfiguration section */
		794C5EEB233BF2E1004ED0F7 /* Debug */ = {
			isa = XCBuildConfiguration;
			buildSettings = {
				ALWAYS_SEARCH_USER_PATHS = NO;
				CLANG_ANALYZER_NONNULL = YES;
				CLANG_ANALYZER_NUMBER_OBJECT_CONVERSION = YES_AGGRESSIVE;
				CLANG_CXX_LANGUAGE_STANDARD = "gnu++14";
				CLANG_CXX_LIBRARY = "libc++";
				CLANG_ENABLE_MODULES = YES;
				CLANG_ENABLE_OBJC_ARC = YES;
				CLANG_ENABLE_OBJC_WEAK = YES;
				CLANG_WARN_BLOCK_CAPTURE_AUTORELEASING = YES;
				CLANG_WARN_BOOL_CONVERSION = YES;
				CLANG_WARN_COMMA = YES;
				CLANG_WARN_CONSTANT_CONVERSION = YES;
				CLANG_WARN_DEPRECATED_OBJC_IMPLEMENTATIONS = YES;
				CLANG_WARN_DIRECT_OBJC_ISA_USAGE = YES_ERROR;
				CLANG_WARN_DOCUMENTATION_COMMENTS = YES;
				CLANG_WARN_EMPTY_BODY = YES;
				CLANG_WARN_ENUM_CONVERSION = YES;
				CLANG_WARN_INFINITE_RECURSION = YES;
				CLANG_WARN_INT_CONVERSION = YES;
				CLANG_WARN_NON_LITERAL_NULL_CONVERSION = YES;
				CLANG_WARN_OBJC_IMPLICIT_RETAIN_SELF = YES;
				CLANG_WARN_OBJC_LITERAL_CONVERSION = YES;
				CLANG_WARN_OBJC_ROOT_CLASS = YES_ERROR;
				CLANG_WARN_RANGE_LOOP_ANALYSIS = YES;
				CLANG_WARN_STRICT_PROTOTYPES = YES;
				CLANG_WARN_SUSPICIOUS_MOVE = YES;
				CLANG_WARN_UNGUARDED_AVAILABILITY = YES_AGGRESSIVE;
				CLANG_WARN_UNREACHABLE_CODE = YES;
				CLANG_WARN__DUPLICATE_METHOD_MATCH = YES;
				COPY_PHASE_STRIP = NO;
				DEBUG_INFORMATION_FORMAT = dwarf;
				ENABLE_STRICT_OBJC_MSGSEND = YES;
				ENABLE_TESTABILITY = YES;
				GCC_C_LANGUAGE_STANDARD = gnu11;
				GCC_DYNAMIC_NO_PIC = NO;
				GCC_NO_COMMON_BLOCKS = YES;
				GCC_OPTIMIZATION_LEVEL = 0;
				GCC_PREPROCESSOR_DEFINITIONS = (
					"DEBUG=1",
					"$(inherited)",
				);
				GCC_WARN_64_TO_32_BIT_CONVERSION = YES;
				GCC_WARN_ABOUT_RETURN_TYPE = YES_ERROR;
				GCC_WARN_UNDECLARED_SELECTOR = YES;
				GCC_WARN_UNINITIALIZED_AUTOS = YES_AGGRESSIVE;
				GCC_WARN_UNUSED_FUNCTION = YES;
				GCC_WARN_UNUSED_VARIABLE = YES;
				IPHONEOS_DEPLOYMENT_TARGET = 13.0;
				MTL_ENABLE_DEBUG_INFO = INCLUDE_SOURCE;
				MTL_FAST_MATH = YES;
				ONLY_ACTIVE_ARCH = YES;
				SDKROOT = iphoneos;
				SWIFT_ACTIVE_COMPILATION_CONDITIONS = DEBUG;
				SWIFT_OPTIMIZATION_LEVEL = "-Onone";
			};
			name = Debug;
		};
		794C5EEC233BF2E1004ED0F7 /* Release */ = {
			isa = XCBuildConfiguration;
			buildSettings = {
				ALWAYS_SEARCH_USER_PATHS = NO;
				CLANG_ANALYZER_NONNULL = YES;
				CLANG_ANALYZER_NUMBER_OBJECT_CONVERSION = YES_AGGRESSIVE;
				CLANG_CXX_LANGUAGE_STANDARD = "gnu++14";
				CLANG_CXX_LIBRARY = "libc++";
				CLANG_ENABLE_MODULES = YES;
				CLANG_ENABLE_OBJC_ARC = YES;
				CLANG_ENABLE_OBJC_WEAK = YES;
				CLANG_WARN_BLOCK_CAPTURE_AUTORELEASING = YES;
				CLANG_WARN_BOOL_CONVERSION = YES;
				CLANG_WARN_COMMA = YES;
				CLANG_WARN_CONSTANT_CONVERSION = YES;
				CLANG_WARN_DEPRECATED_OBJC_IMPLEMENTATIONS = YES;
				CLANG_WARN_DIRECT_OBJC_ISA_USAGE = YES_ERROR;
				CLANG_WARN_DOCUMENTATION_COMMENTS = YES;
				CLANG_WARN_EMPTY_BODY = YES;
				CLANG_WARN_ENUM_CONVERSION = YES;
				CLANG_WARN_INFINITE_RECURSION = YES;
				CLANG_WARN_INT_CONVERSION = YES;
				CLANG_WARN_NON_LITERAL_NULL_CONVERSION = YES;
				CLANG_WARN_OBJC_IMPLICIT_RETAIN_SELF = YES;
				CLANG_WARN_OBJC_LITERAL_CONVERSION = YES;
				CLANG_WARN_OBJC_ROOT_CLASS = YES_ERROR;
				CLANG_WARN_RANGE_LOOP_ANALYSIS = YES;
				CLANG_WARN_STRICT_PROTOTYPES = YES;
				CLANG_WARN_SUSPICIOUS_MOVE = YES;
				CLANG_WARN_UNGUARDED_AVAILABILITY = YES_AGGRESSIVE;
				CLANG_WARN_UNREACHABLE_CODE = YES;
				CLANG_WARN__DUPLICATE_METHOD_MATCH = YES;
				COPY_PHASE_STRIP = NO;
				DEBUG_INFORMATION_FORMAT = "dwarf-with-dsym";
				ENABLE_NS_ASSERTIONS = NO;
				ENABLE_STRICT_OBJC_MSGSEND = YES;
				GCC_C_LANGUAGE_STANDARD = gnu11;
				GCC_NO_COMMON_BLOCKS = YES;
				GCC_WARN_64_TO_32_BIT_CONVERSION = YES;
				GCC_WARN_ABOUT_RETURN_TYPE = YES_ERROR;
				GCC_WARN_UNDECLARED_SELECTOR = YES;
				GCC_WARN_UNINITIALIZED_AUTOS = YES_AGGRESSIVE;
				GCC_WARN_UNUSED_FUNCTION = YES;
				GCC_WARN_UNUSED_VARIABLE = YES;
				IPHONEOS_DEPLOYMENT_TARGET = 13.0;
				MTL_ENABLE_DEBUG_INFO = NO;
				MTL_FAST_MATH = YES;
				SDKROOT = iphoneos;
				SWIFT_COMPILATION_MODE = wholemodule;
				SWIFT_OPTIMIZATION_LEVEL = "-O";
				VALIDATE_PRODUCT = YES;
			};
			name = Release;
		};
		794C5EEE233BF2E1004ED0F7 /* Debug */ = {
			isa = XCBuildConfiguration;
			buildSettings = {
				ASSETCATALOG_COMPILER_APPICON_NAME = AppIcon;
				CODE_SIGN_STYLE = Automatic;
				INFOPLIST_FILE = Herr_HelloWorld/Info.plist;
				LD_RUNPATH_SEARCH_PATHS = (
					"$(inherited)",
					"@executable_path/Frameworks",
				);
				PRODUCT_BUNDLE_IDENTIFIER = "Michael.Herr-HelloWorld";
				PRODUCT_NAME = "$(TARGET_NAME)";
				SWIFT_VERSION = 5.0;
				TARGETED_DEVICE_FAMILY = "1,2";
			};
			name = Debug;
		};
		794C5EEF233BF2E1004ED0F7 /* Release */ = {
			isa = XCBuildConfiguration;
			buildSettings = {
				ASSETCATALOG_COMPILER_APPICON_NAME = AppIcon;
				CODE_SIGN_STYLE = Automatic;
				INFOPLIST_FILE = Herr_HelloWorld/Info.plist;
				LD_RUNPATH_SEARCH_PATHS = (
					"$(inherited)",
					"@executable_path/Frameworks",
				);
				PRODUCT_BUNDLE_IDENTIFIER = "Michael.Herr-HelloWorld";
				PRODUCT_NAME = "$(TARGET_NAME)";
				SWIFT_VERSION = 5.0;
				TARGETED_DEVICE_FAMILY = "1,2";
			};
			name = Release;
		};
		794C5EF1233BF2E1004ED0F7 /* Debug */ = {
			isa = XCBuildConfiguration;
			buildSettings = {
				ALWAYS_EMBED_SWIFT_STANDARD_LIBRARIES = YES;
				BUNDLE_LOADER = "$(TEST_HOST)";
				CODE_SIGN_STYLE = Automatic;
				INFOPLIST_FILE = Herr_HelloWorldTests/Info.plist;
				IPHONEOS_DEPLOYMENT_TARGET = 13.0;
				LD_RUNPATH_SEARCH_PATHS = (
					"$(inherited)",
					"@executable_path/Frameworks",
					"@loader_path/Frameworks",
				);
				PRODUCT_BUNDLE_IDENTIFIER = "Michael.Herr-HelloWorldTests";
				PRODUCT_NAME = "$(TARGET_NAME)";
				SWIFT_VERSION = 5.0;
				TARGETED_DEVICE_FAMILY = "1,2";
				TEST_HOST = "$(BUILT_PRODUCTS_DIR)/Herr_HelloWorld.app/Herr_HelloWorld";
			};
			name = Debug;
		};
		794C5EF2233BF2E1004ED0F7 /* Release */ = {
			isa = XCBuildConfiguration;
			buildSettings = {
				ALWAYS_EMBED_SWIFT_STANDARD_LIBRARIES = YES;
				BUNDLE_LOADER = "$(TEST_HOST)";
				CODE_SIGN_STYLE = Automatic;
				INFOPLIST_FILE = Herr_HelloWorldTests/Info.plist;
				IPHONEOS_DEPLOYMENT_TARGET = 13.0;
				LD_RUNPATH_SEARCH_PATHS = (
					"$(inherited)",
					"@executable_path/Frameworks",
					"@loader_path/Frameworks",
				);
				PRODUCT_BUNDLE_IDENTIFIER = "Michael.Herr-HelloWorldTests";
				PRODUCT_NAME = "$(TARGET_NAME)";
				SWIFT_VERSION = 5.0;
				TARGETED_DEVICE_FAMILY = "1,2";
				TEST_HOST = "$(BUILT_PRODUCTS_DIR)/Herr_HelloWorld.app/Herr_HelloWorld";
			};
			name = Release;
		};
		794C5EF4233BF2E1004ED0F7 /* Debug */ = {
			isa = XCBuildConfiguration;
			buildSettings = {
				ALWAYS_EMBED_SWIFT_STANDARD_LIBRARIES = YES;
				CODE_SIGN_STYLE = Automatic;
				INFOPLIST_FILE = Herr_HelloWorldUITests/Info.plist;
				LD_RUNPATH_SEARCH_PATHS = (
					"$(inherited)",
					"@executable_path/Frameworks",
					"@loader_path/Frameworks",
				);
				PRODUCT_BUNDLE_IDENTIFIER = "Michael.Herr-HelloWorldUITests";
				PRODUCT_NAME = "$(TARGET_NAME)";
				SWIFT_VERSION = 5.0;
				TARGETED_DEVICE_FAMILY = "1,2";
				TEST_TARGET_NAME = Herr_HelloWorld;
			};
			name = Debug;
		};
		794C5EF5233BF2E1004ED0F7 /* Release */ = {
			isa = XCBuildConfiguration;
			buildSettings = {
				ALWAYS_EMBED_SWIFT_STANDARD_LIBRARIES = YES;
				CODE_SIGN_STYLE = Automatic;
				INFOPLIST_FILE = Herr_HelloWorldUITests/Info.plist;
				LD_RUNPATH_SEARCH_PATHS = (
					"$(inherited)",
					"@executable_path/Frameworks",
					"@loader_path/Frameworks",
				);
				PRODUCT_BUNDLE_IDENTIFIER = "Michael.Herr-HelloWorldUITests";
				PRODUCT_NAME = "$(TARGET_NAME)";
				SWIFT_VERSION = 5.0;
				TARGETED_DEVICE_FAMILY = "1,2";
				TEST_TARGET_NAME = Herr_HelloWorld;
			};
			name = Release;
		};
/* End XCBuildConfiguration section */

/* Begin XCConfigurationList section */
		794C5EBE233BF2DE004ED0F7 /* Build configuration list for PBXProject "Herr_HelloWorld" */ = {
			isa = XCConfigurationList;
			buildConfigurations = (
				794C5EEB233BF2E1004ED0F7 /* Debug */,
				794C5EEC233BF2E1004ED0F7 /* Release */,
			);
			defaultConfigurationIsVisible = 0;
			defaultConfigurationName = Release;
		};
		794C5EED233BF2E1004ED0F7 /* Build configuration list for PBXNativeTarget "Herr_HelloWorld" */ = {
			isa = XCConfigurationList;
			buildConfigurations = (
				794C5EEE233BF2E1004ED0F7 /* Debug */,
				794C5EEF233BF2E1004ED0F7 /* Release */,
			);
			defaultConfigurationIsVisible = 0;
			defaultConfigurationName = Release;
		};
		794C5EF0233BF2E1004ED0F7 /* Build configuration list for PBXNativeTarget "Herr_HelloWorldTests" */ = {
			isa = XCConfigurationList;
			buildConfigurations = (
				794C5EF1233BF2E1004ED0F7 /* Debug */,
				794C5EF2233BF2E1004ED0F7 /* Release */,
			);
			defaultConfigurationIsVisible = 0;
			defaultConfigurationName = Release;
		};
		794C5EF3233BF2E1004ED0F7 /* Build configuration list for PBXNativeTarget "Herr_HelloWorldUITests" */ = {
			isa = XCConfigurationList;
			buildConfigurations = (
				794C5EF4233BF2E1004ED0F7 /* Debug */,
				794C5EF5233BF2E1004ED0F7 /* Release */,
			);
			defaultConfigurationIsVisible = 0;
			defaultConfigurationName = Release;
		};
/* End XCConfigurationList section */
	};
	rootObject = 794C5EBB233BF2DE004ED0F7 /* Project object */;
}
